
Microsoft Visual Studio Solution File, Format Version 12.00
# Visual Studio Version 16
VisualStudioVersion = 16.0.31025.218
MinimumVisualStudioVersion = 10.0.40219.1
Project("{FAE04EC0-301F-11D3-BF4B-00C04F79EFBC}") = "LegacyMvcApp", "LegacyMvcApp\LegacyMvcApp.csproj", "{BB3BD829-E053-4DCC-92FB-03F237246948}"
EndProject
Global
	GlobalSection(SolutionConfigurationPlatforms) = preSolution
		Debug|Any CPU = Debug|Any CPU
		Release|Any CPU = Release|Any CPU
	EndGlobalSection
	GlobalSection(ProjectConfigurationPlatforms) = postSolution
		{BB3BD829-E053-4DCC-92FB-03F237246948}.Debug|Any CPU.ActiveCfg = Debug|Any CPU
		{BB3BD829-E053-4DCC-92FB-03F237246948}.Debug|Any CPU.Build.0 = Debug|Any CPU
		{BB3BD829-E053-4DCC-92FB-03F237246948}.Release|Any CPU.ActiveCfg = Release|Any CPU
		{BB3BD829-E053-4DCC-92FB-03F237246948}.Release|Any CPU.Build.0 = Release|Any CPU
	EndGlobalSection
	GlobalSection(SolutionProperties) = preSolution
		HideSolutionNode = FALSE
	EndGlobalSection
	GlobalSection(ExtensibilityGlobals) = postSolution
		SolutionGuid = {8176DDF8-A6DB-4E20-B5F2-C148AC7B029A}
	EndGlobalSection
EndGlobal
